
Microsoft Visual Studio Solution File, Format Version 12.00
# Visual Studio Version 17
VisualStudioVersion = 17.9.34728.123
MinimumVisualStudioVersion = 10.0.40219.1
Project("{FAE04EC0-301F-11D3-BF4B-00C04F79EFBC}") = "CarWorkshop", "CarWorkshop\CarWorkshop.csproj", "{C735BBC0-B5A3-4D51-8402-C0B00E84ECF8}"
EndProject
Global
	GlobalSection(SolutionConfigurationPlatforms) = preSolution
		Debug|Any CPU = Debug|Any CPU
		Release|Any CPU = Release|Any CPU
	EndGlobalSection
	GlobalSection(ProjectConfigurationPlatforms) = postSolution
		{C735BBC0-B5A3-4D51-8402-C0B00E84ECF8}.Debug|Any CPU.ActiveCfg = Debug|Any CPU
		{C735BBC0-B5A3-4D51-8402-C0B00E84ECF8}.Debug|Any CPU.Build.0 = Debug|Any CPU
		{C735BBC0-B5A3-4D51-8402-C0B00E84ECF8}.Release|Any CPU.ActiveCfg = Release|Any CPU
		{C735BBC0-B5A3-4D51-8402-C0B00E84ECF8}.Release|Any CPU.Build.0 = Release|Any CPU
	EndGlobalSection
	GlobalSection(SolutionProperties) = preSolution
		HideSolutionNode = FALSE
	EndGlobalSection
	GlobalSection(ExtensibilityGlobals) = postSolution
		SolutionGuid = {DFB8748D-CDD9-4D49-A8CA-FD55F069B2E6}
	EndGlobalSection
EndGlobal
